<?xml version="1.0" encoding="utf-8"?>
<Project ToolsVersion="4.0" xmlns="http://schemas.microsoft.com/developer/msbuild/2003">
  <ItemGroup>
    <Filter Include="src">
      <UniqueIdentifier>{428bed0a-b89f-4343-b885-c2697e9fb6c1}</UniqueIdentifier>
    </Filter>
    <Filter Include="libs">
      <UniqueIdentifier>{79d563ac-589c-4b85-97c3-8deae3b2ede8}</UniqueIdentifier>
    </Filter>
    <Filter Include="libs\pugixml">
      <UniqueIdentifier>{dad52473-a214-403d-886f-9e94924278c6}</UniqueIdentifier>
    </Filter>
    <Filter Include="rsrc">
      <UniqueIdentifier>{ec08a597-291c-411f-b9a0-c9223c5b6705}</UniqueIdentifier>
    </Filter>
    <Filter Include="src\Engine">
      <UniqueIdentifier>{38e3d144-df8d-46cb-8dfb-9a29acd4790b}</UniqueIdentifier>
    </Filter>
    <Filter Include="src\Engine\Input">
      <UniqueIdentifier>{2670a23b-6281-452f-a591-31d20a6b0b9a}</UniqueIdentifier>
    </Filter>
    <Filter Include="src\Engine\Render">
      <UniqueIdentifier>{fbb959f3-f0bc-418b-9930-9e33cff83809}</UniqueIdentifier>
    </Filter>
    <Filter Include="src\Engine\ResourceController">
      <UniqueIdentifier>{41308742-6044-480c-be5e-0fd4c65e0828}</UniqueIdentifier>
    </Filter>
    <Filter Include="src\Model">
      <UniqueIdentifier>{8c1aa63c-d206-48a9-9ab4-b373cff97225}</UniqueIdentifier>
    </Filter>
    <Filter Include="src\Model\GameObjects">
      <UniqueIdentifier>{8e1eb1b6-d545-4c37-bd02-6e1a096de66c}</UniqueIdentifier>
    </Filter>
    <Filter Include="src\Model\GameObjects\Prototype">
      <UniqueIdentifier>{21b755bb-dc90-4a31-a3e1-c12417028432}</UniqueIdentifier>
    </Filter>
    <Filter Include="src\View">
      <UniqueIdentifier>{dc289a8f-20bd-494d-9436-924a1d800e60}</UniqueIdentifier>
    </Filter>
    <Filter Include="src\View\GuiObjects">
      <UniqueIdentifier>{10e26eb6-6bea-430e-8454-5bdf19acc832}</UniqueIdentifier>
    </Filter>
    <Filter Include="src\Model\MovementModel">
      <UniqueIdentifier>{ff56224a-643c-41da-b7d8-57b3ab49626a}</UniqueIdentifier>
    </Filter>
    <Filter Include="src\Controllers">
      <UniqueIdentifier>{231c4370-794c-4840-93b6-00fa4754ca8f}</UniqueIdentifier>
    </Filter>
    <Filter Include="src\Controllers\Input">
      <UniqueIdentifier>{2894897d-8e72-41e2-a58c-988bf32938af}</UniqueIdentifier>
    </Filter>
    <Filter Include="src\Controllers\Scene">
      <UniqueIdentifier>{a615415e-5344-41d4-ab45-104292a814be}</UniqueIdentifier>
    </Filter>
    <Filter Include="src\Controllers\Gui">
      <UniqueIdentifier>{aa99fa69-917b-4fbe-8005-4c9d8cba1680}</UniqueIdentifier>
    </Filter>
    <Filter Include="src\Controllers\Game">
      <UniqueIdentifier>{8a7eddd8-8b70-4475-ae76-5f2ee754d83f}</UniqueIdentifier>
    </Filter>
    <Filter Include="src\Controllers\Scene\Camera">
      <UniqueIdentifier>{da44cb27-e4f7-41e8-8bab-11b0beb2f5ce}</UniqueIdentifier>
    </Filter>
    <Filter Include="src\Controllers\Map">
      <UniqueIdentifier>{d6c80201-471b-4d02-b6e2-7f1520b3848b}</UniqueIdentifier>
    </Filter>
  </ItemGroup>
  <ItemGroup>
    <ClCompile Include="stdafx.cpp">
      <Filter>src</Filter>
    </ClCompile>
    <ClCompile Include="Startup.cpp">
      <Filter>src</Filter>
    </ClCompile>
    <ClCompile Include="..\libs\pugixml\pugixml.cpp">
      <Filter>libs\pugixml</Filter>
    </ClCompile>
    <ClCompile Include="MainLoop.cpp">
      <Filter>src\Engine</Filter>
    </ClCompile>
    <ClCompile Include="RenderDevice.cpp">
      <Filter>src\Engine\Render</Filter>
    </ClCompile>
    <ClCompile Include="InputDevice.cpp">
      <Filter>src\Engine\Input</Filter>
    </ClCompile>
    <ClCompile Include="Scene.cpp">
      <Filter>src\Controllers\Scene</Filter>
    </ClCompile>
    <ClCompile Include="ResourceController.cpp">
      <Filter>src\Engine\ResourceController</Filter>
    </ClCompile>
    <ClCompile Include="Tile.cpp">
      <Filter>src\Model\GameObjects</Filter>
    </ClCompile>
    <ClCompile Include="Panel.cpp">
      <Filter>src\View\GuiObjects</Filter>
    </ClCompile>
    <ClCompile Include="Cursor.cpp">
      <Filter>src\View\GuiObjects</Filter>
    </ClCompile>
    <ClCompile Include="Button.cpp">
      <Filter>src\View\GuiObjects</Filter>
    </ClCompile>
    <ClCompile Include="Button_input.cpp">
      <Filter>src\View\GuiObjects</Filter>
    </ClCompile>
    <ClCompile Include="IGui.cpp">
      <Filter>src\View\GuiObjects</Filter>
    </ClCompile>
    <ClCompile Include="GuiControlCreator.cpp">
      <Filter>src\Controllers\Gui</Filter>
    </ClCompile>
    <ClCompile Include="GuiController.cpp">
      <Filter>src\Controllers\Gui</Filter>
    </ClCompile>
    <ClCompile Include="Text.cpp">
      <Filter>src\View\GuiObjects</Filter>
    </ClCompile>
    <ClCompile Include="Map.cpp">
      <Filter>src\Model\GameObjects</Filter>
    </ClCompile>
    <ClCompile Include="MapBackground.cpp">
      <Filter>src\Model\GameObjects</Filter>
    </ClCompile>
    <ClCompile Include="Prototype.cpp">
      <Filter>src\Model\GameObjects\Prototype</Filter>
    </ClCompile>
    <ClCompile Include="PrototypeCollection.cpp">
      <Filter>src\Model\GameObjects\Prototype</Filter>
    </ClCompile>
    <ClCompile Include="GameObject.cpp">
      <Filter>src\Model\GameObjects</Filter>
    </ClCompile>
    <ClCompile Include="Camera.cpp">
      <Filter>src\Controllers\Scene\Camera</Filter>
    </ClCompile>
    <ClCompile Include="MovementModel.cpp">
      <Filter>src\Model\MovementModel</Filter>
    </ClCompile>
    <ClCompile Include="Engine.cpp">
      <Filter>src\Engine</Filter>
    </ClCompile>
    <ClCompile Include="Controllers.cpp">
      <Filter>src\Controllers\Input</Filter>
    </ClCompile>
    <ClCompile Include="Game.cpp">
      <Filter>src\Controllers\Game</Filter>
    </ClCompile>
    <ClCompile Include="Game_loading.cpp">
      <Filter>src\Controllers\Game</Filter>
    </ClCompile>
    <ClCompile Include="InputController.cpp">
      <Filter>src\Controllers\Input</Filter>
    </ClCompile>
    <ClCompile Include="GuiGroup.cpp">
      <Filter>src\Controllers\Gui</Filter>
    </ClCompile>
    <ClCompile Include="MapController.cpp">
      <Filter>src\Controllers\Map</Filter>
    </ClCompile>
    <ClCompile Include="GameObjectCreator.cpp">
      <Filter>src\Controllers\Map</Filter>
    </ClCompile>
  </ItemGroup>
  <ItemGroup>
    <ClInclude Include="stdafx.h">
      <Filter>src</Filter>
    </ClInclude>
    <ClInclude Include="..\libs\pugixml\pugiconfig.hpp">
      <Filter>libs\pugixml</Filter>
    </ClInclude>
    <ClInclude Include="..\libs\pugixml\pugixml.hpp">
      <Filter>libs\pugixml</Filter>
    </ClInclude>
    <ClInclude Include="resource.h">
      <Filter>rsrc</Filter>
    </ClInclude>
    <ClInclude Include="RenderDevice.h">
      <Filter>src\Engine\Render</Filter>
    </ClInclude>
    <ClInclude Include="InputDevice.h">
      <Filter>src\Engine\Input</Filter>
    </ClInclude>
    <ClInclude Include="Scene.h">
      <Filter>src\Controllers\Scene</Filter>
    </ClInclude>
    <ClInclude Include="ResourceController.h">
      <Filter>src\Engine\ResourceController</Filter>
    </ClInclude>
    <ClInclude Include="Tile.h">
      <Filter>src\Model\GameObjects</Filter>
    </ClInclude>
    <ClInclude Include="Panel.h">
      <Filter>src\View\GuiObjects</Filter>
    </ClInclude>
    <ClInclude Include="IGui.h">
      <Filter>src\View\GuiObjects</Filter>
    </ClInclude>
    <ClInclude Include="Cursor.h">
      <Filter>src\View\GuiObjects</Filter>
    </ClInclude>
    <ClInclude Include="Button.h">
      <Filter>src\View\GuiObjects</Filter>
    </ClInclude>
    <ClInclude Include="ButtonStates.h">
      <Filter>src\View\GuiObjects</Filter>
    </ClInclude>
    <ClInclude Include="GuiControlCreator.h">
      <Filter>src\Controllers\Gui</Filter>
    </ClInclude>
    <ClInclude Include="GuiController.h">
      <Filter>src\Controllers\Gui</Filter>
    </ClInclude>
    <ClInclude Include="Text.h">
      <Filter>src\View\GuiObjects</Filter>
    </ClInclude>
    <ClInclude Include="Map.h">
      <Filter>src\Model\GameObjects</Filter>
    </ClInclude>
    <ClInclude Include="MapBackground.h">
      <Filter>src\Model\GameObjects</Filter>
    </ClInclude>
    <ClInclude Include="Prototype.h">
      <Filter>src\Model\GameObjects\Prototype</Filter>
    </ClInclude>
    <ClInclude Include="PrototypeCollection.h">
      <Filter>src\Model\GameObjects\Prototype</Filter>
    </ClInclude>
    <ClInclude Include="GameObject.h">
      <Filter>src\Model\GameObjects</Filter>
    </ClInclude>
    <ClInclude Include="Camera.h">
      <Filter>src\Controllers\Scene\Camera</Filter>
    </ClInclude>
    <ClInclude Include="MovementModel.h">
      <Filter>src\Model\MovementModel</Filter>
    </ClInclude>
    <ClInclude Include="Engine.h">
      <Filter>src\Engine</Filter>
    </ClInclude>
    <ClInclude Include="InputController.h">
      <Filter>src\Controllers\Input</Filter>
    </ClInclude>
    <ClInclude Include="Game.h">
      <Filter>src\Controllers\Game</Filter>
    </ClInclude>
    <ClInclude Include="GuiGroup.h">
      <Filter>src\Controllers\Gui</Filter>
    </ClInclude>
    <ClInclude Include="MapController.h">
      <Filter>src\Controllers\Map</Filter>
    </ClInclude>
    <ClInclude Include="GameObjectCreator.h">
      <Filter>src\Controllers\Map</Filter>
    </ClInclude>
  </ItemGroup>
  <ItemGroup>
    <ResourceCompile Include="SpaceExplorers.rc">
      <Filter>rsrc</Filter>
    </ResourceCompile>
  </ItemGroup>
</Project>