<?xml version="1.0" encoding="utf-8"?>
<Project ToolsVersion="4.0" xmlns="http://schemas.microsoft.com/developer/msbuild/2003">
  <ItemGroup>
    <Filter Include="src">
      <UniqueIdentifier>{428bed0a-b89f-4343-b885-c2697e9fb6c1}</UniqueIdentifier>
    </Filter>
    <Filter Include="libs">
      <UniqueIdentifier>{79d563ac-589c-4b85-97c3-8deae3b2ede8}</UniqueIdentifier>
    </Filter>
    <Filter Include="libs\pugixml">
      <UniqueIdentifier>{dad52473-a214-403d-886f-9e94924278c6}</UniqueIdentifier>
    </Filter>
    <Filter Include="rsrc">
      <UniqueIdentifier>{ec08a597-291c-411f-b9a0-c9223c5b6705}</UniqueIdentifier>
    </Filter>
    <Filter Include="src\Game">
      <UniqueIdentifier>{38e3d144-df8d-46cb-8dfb-9a29acd4790b}</UniqueIdentifier>
    </Filter>
    <Filter Include="src\GameRender">
      <UniqueIdentifier>{fbb959f3-f0bc-418b-9930-9e33cff83809}</UniqueIdentifier>
    </Filter>
    <Filter Include="src\GameInput">
      <UniqueIdentifier>{2670a23b-6281-452f-a591-31d20a6b0b9a}</UniqueIdentifier>
    </Filter>
    <Filter Include="src\Scene">
      <UniqueIdentifier>{a615415e-5344-41d4-ab45-104292a814be}</UniqueIdentifier>
    </Filter>
    <Filter Include="src\ResourceController">
      <UniqueIdentifier>{41308742-6044-480c-be5e-0fd4c65e0828}</UniqueIdentifier>
    </Filter>
    <Filter Include="src\Gui">
      <UniqueIdentifier>{aa99fa69-917b-4fbe-8005-4c9d8cba1680}</UniqueIdentifier>
    </Filter>
    <Filter Include="src\Logic">
      <UniqueIdentifier>{8c1aa63c-d206-48a9-9ab4-b373cff97225}</UniqueIdentifier>
    </Filter>
    <Filter Include="src\Scene\SceneObjects">
      <UniqueIdentifier>{da44cb27-e4f7-41e8-8bab-11b0beb2f5ce}</UniqueIdentifier>
    </Filter>
    <Filter Include="src\Logic\GameObjects">
      <UniqueIdentifier>{8e1eb1b6-d545-4c37-bd02-6e1a096de66c}</UniqueIdentifier>
    </Filter>
    <Filter Include="src\Gui\GuiObjects">
      <UniqueIdentifier>{10e26eb6-6bea-430e-8454-5bdf19acc832}</UniqueIdentifier>
    </Filter>
  </ItemGroup>
  <ItemGroup>
    <ClCompile Include="stdafx.cpp">
      <Filter>src</Filter>
    </ClCompile>
    <ClCompile Include="Startup.cpp">
      <Filter>src</Filter>
    </ClCompile>
    <ClCompile Include="..\libs\pugixml\pugixml.cpp">
      <Filter>libs\pugixml</Filter>
    </ClCompile>
    <ClCompile Include="Game.cpp">
      <Filter>src\Game</Filter>
    </ClCompile>
    <ClCompile Include="MainLoop.cpp">
      <Filter>src\Game</Filter>
    </ClCompile>
    <ClCompile Include="RenderDevice.cpp">
      <Filter>src\GameRender</Filter>
    </ClCompile>
    <ClCompile Include="InputDevice.cpp">
      <Filter>src\GameInput</Filter>
    </ClCompile>
    <ClCompile Include="Scene.cpp">
      <Filter>src\Scene</Filter>
    </ClCompile>
    <ClCompile Include="SceneDrawer.cpp">
      <Filter>src\Scene</Filter>
    </ClCompile>
    <ClCompile Include="SceneUpdater.cpp">
      <Filter>src\Scene</Filter>
    </ClCompile>
    <ClCompile Include="ResourceController.cpp">
      <Filter>src\ResourceController</Filter>
    </ClCompile>
    <ClCompile Include="GameLogic.cpp">
      <Filter>src\Logic</Filter>
    </ClCompile>
    <ClCompile Include="SceneObject.cpp">
      <Filter>src\Scene\SceneObjects</Filter>
    </ClCompile>
    <ClCompile Include="GameInitializer.cpp">
      <Filter>src\Scene\SceneObjects</Filter>
    </ClCompile>
    <ClCompile Include="Tile.cpp">
      <Filter>src\Logic\GameObjects</Filter>
    </ClCompile>
    <ClCompile Include="Panel.cpp">
      <Filter>src\Gui\GuiObjects</Filter>
    </ClCompile>
    <ClCompile Include="GuiObject.cpp">
      <Filter>src\Gui\GuiObjects</Filter>
    </ClCompile>
    <ClCompile Include="SceneObjectCreator.cpp">
      <Filter>src\Scene</Filter>
    </ClCompile>
    <ClCompile Include="Cursor.cpp">
      <Filter>src\Gui\GuiObjects</Filter>
    </ClCompile>
    <ClCompile Include="Button.cpp">
      <Filter>src\Gui\GuiObjects</Filter>
    </ClCompile>
    <ClCompile Include="InputHandlers.cpp">
      <Filter>src\GameInput</Filter>
    </ClCompile>
    <ClCompile Include="Button_input.cpp">
      <Filter>src\Gui\GuiObjects</Filter>
    </ClCompile>
    <ClCompile Include="IGui.cpp">
      <Filter>src\Gui\GuiObjects</Filter>
    </ClCompile>
    <ClCompile Include="GuiControlCreator.cpp">
      <Filter>src\Gui</Filter>
    </ClCompile>
    <ClCompile Include="GuiController.cpp">
      <Filter>src\Gui</Filter>
    </ClCompile>
  </ItemGroup>
  <ItemGroup>
    <ClInclude Include="stdafx.h">
      <Filter>src</Filter>
    </ClInclude>
    <ClInclude Include="..\libs\pugixml\pugiconfig.hpp">
      <Filter>libs\pugixml</Filter>
    </ClInclude>
    <ClInclude Include="..\libs\pugixml\pugixml.hpp">
      <Filter>libs\pugixml</Filter>
    </ClInclude>
    <ClInclude Include="resource.h">
      <Filter>rsrc</Filter>
    </ClInclude>
    <ClInclude Include="Game.h">
      <Filter>src\Game</Filter>
    </ClInclude>
    <ClInclude Include="RenderDevice.h">
      <Filter>src\GameRender</Filter>
    </ClInclude>
    <ClInclude Include="InputDevice.h">
      <Filter>src\GameInput</Filter>
    </ClInclude>
    <ClInclude Include="Scene.h">
      <Filter>src\Scene</Filter>
    </ClInclude>
    <ClInclude Include="SceneDrawer.h">
      <Filter>src\Scene</Filter>
    </ClInclude>
    <ClInclude Include="SceneUpdater.h">
      <Filter>src\Scene</Filter>
    </ClInclude>
    <ClInclude Include="ResourceController.h">
      <Filter>src\ResourceController</Filter>
    </ClInclude>
    <ClInclude Include="GameLogic.h">
      <Filter>src\Logic</Filter>
    </ClInclude>
    <ClInclude Include="SceneObject.h">
      <Filter>src\Scene\SceneObjects</Filter>
    </ClInclude>
    <ClInclude Include="GameInitializer.h">
      <Filter>src\Scene\SceneObjects</Filter>
    </ClInclude>
    <ClInclude Include="Tile.h">
      <Filter>src\Logic\GameObjects</Filter>
    </ClInclude>
    <ClInclude Include="Panel.h">
      <Filter>src\Gui\GuiObjects</Filter>
    </ClInclude>
    <ClInclude Include="GuiObject.h">
      <Filter>src\Gui\GuiObjects</Filter>
    </ClInclude>
    <ClInclude Include="IGui.h">
      <Filter>src\Gui\GuiObjects</Filter>
    </ClInclude>
    <ClInclude Include="SceneObjectCreator.h">
      <Filter>src\Scene</Filter>
    </ClInclude>
    <ClInclude Include="GuiNames.h">
      <Filter>src\Gui</Filter>
    </ClInclude>
    <ClInclude Include="Cursor.h">
      <Filter>src\Gui\GuiObjects</Filter>
    </ClInclude>
    <ClInclude Include="Button.h">
      <Filter>src\Gui\GuiObjects</Filter>
    </ClInclude>
    <ClInclude Include="ButtonStates.h">
      <Filter>src\Gui\GuiObjects</Filter>
    </ClInclude>
    <ClInclude Include="GuiControlCreator.h">
      <Filter>src\Gui</Filter>
    </ClInclude>
    <ClInclude Include="GuiController.h">
      <Filter>src\Gui</Filter>
    </ClInclude>
  </ItemGroup>
  <ItemGroup>
    <ResourceCompile Include="SpaceExplorers.rc">
      <Filter>rsrc</Filter>
    </ResourceCompile>
  </ItemGroup>
</Project>